{
  "name": "shadow-protocol-tactical-command",
  "version": "1.4.0",
  "lockfileVersion": 3,
  "requires": true,
  "packages": {
    "": {
      "name": "shadow-protocol-tactical-command",
      "version": "1.4.0",
      "license": "UNLICENSED",
      "dependencies": {
        "ws": "^8.16.0"
      },
      "devDependencies": {
        "jest": "^29.7.0"
      }
    }
  }
}